{
  "name": "theta-wallet-app",
  "lockfileVersion": 3,
  "requires": true,
  "packages": {
    "": {
      "dependencies": {
        "@syncfusion/ej2-react-grids": "^26.1.41",
        "react-icons": "^5.2.1",
        "react-router-dom": "^6.24.1"
      }
    },
    "node_modules/@remix-run/router": {
      "version": "1.17.1",
      "resolved": "https://registry.npmjs.org/@remix-run/router/-/router-1.17.1.tgz",
      "integrity": "sha512-mCOMec4BKd6BRGBZeSnGiIgwsbLGp3yhVqAD8H+PxiRNEHgDpZb8J1TnrSDlg97t0ySKMQJTHCWBCmBpSmkF6Q==",
      "engines": {
        "node": ">=14.0.0"
      }
    },
    "node_modules/@syncfusion/ej2-base": {
      "version": "26.1.37",
      "resolved": "https://registry.npmjs.org/@syncfusion/ej2-base/-/ej2-base-26.1.37.tgz",
      "integrity": "sha512-aDnABkOg+5Uw9SiORkCas8p+5/U+GWI0lL1czZJAwsJ1OGw3vN1zju6klwTX8prefOEh9/aQ67pmt2yepO00bg==",
      "dependencies": {
        "@syncfusion/ej2-icons": "~26.1.35"
      },
      "bin": {
        "syncfusion-license": "bin/syncfusion-license.js"
      }
    },
    "node_modules/@syncfusion/ej2-buttons": {
      "version": "26.1.40",
      "resolved": "https://registry.npmjs.org/@syncfusion/ej2-buttons/-/ej2-buttons-26.1.40.tgz",
      "integrity": "sha512-ki4EOqm9A8FY6JMrEivdUz2etTNYoryfCUagVwRpArJtRcRK1VH83UGZuOrQD2osSo2BwD2TgIqmCp8d51iYKQ==",
      "dependencies": {
        "@syncfusion/ej2-base": "~26.1.37"
      }
    },
    "node_modules/@syncfusion/ej2-calendars": {
      "version": "26.1.41",
      "resolved": "https://registry.npmjs.org/@syncfusion/ej2-calendars/-/ej2-calendars-26.1.41.tgz",
      "integrity": "sha512-vgPu1ueZSncrVUk0y+x5q5bb7DxQDs1ogWzSZW4I2R8cRS2ufEmafBxKhThRYxIs+toA/dJpo4BT0lTlTnnjrw==",
      "dependencies": {
        "@syncfusion/ej2-base": "~26.1.37",
        "@syncfusion/ej2-buttons": "~26.1.40",
        "@syncfusion/ej2-inputs": "~26.1.41",
        "@syncfusion/ej2-lists": "~26.1.35",
        "@syncfusion/ej2-popups": "~26.1.41"
      }
    },
    "node_modules/@syncfusion/ej2-compression": {
      "version": "26.1.35",
      "resolved": "https://registry.npmjs.org/@syncfusion/ej2-compression/-/ej2-compression-26.1.35.tgz",
      "integrity": "sha512-gTWqnDC3321mLaUE/T1LfdZ+Pu5NhY7Y7GlOX3Q1lqWKqE9BQDaIkZx31TqtmwwCQ35i/ZOFdg0F93Kb3PM8dA==",
      "dependencies": {
        "@syncfusion/ej2-file-utils": "~26.1.35"
      }
    },
    "node_modules/@syncfusion/ej2-data": {
      "version": "26.1.41",
      "resolved": "https://registry.npmjs.org/@syncfusion/ej2-data/-/ej2-data-26.1.41.tgz",
      "integrity": "sha512-FYDfyVY/IN17vUmt6bDaSWDYe6xPFUiCE417MVj6GSzZMGSDyfNE76uf+QrKshDFc+3mcjER8SKyhpdWB0HW1Q==",
      "dependencies": {
        "@syncfusion/ej2-base": "~26.1.37"
      }
    },
    "node_modules/@syncfusion/ej2-dropdowns": {
      "version": "26.1.41",
      "resolved": "https://registry.npmjs.org/@syncfusion/ej2-dropdowns/-/ej2-dropdowns-26.1.41.tgz",
      "integrity": "sha512-+jdkodDlYGGFjdY93DkFFdL2K3GN6/5uAgKM7CNb+EC8MkQ9wx50IAi5tXIGWqPVu56Qvpf5ByUcR7dXviV6MA==",
      "dependencies": {
        "@syncfusion/ej2-base": "~26.1.37",
        "@syncfusion/ej2-data": "~26.1.41",
        "@syncfusion/ej2-inputs": "~26.1.41",
        "@syncfusion/ej2-lists": "~26.1.35",
        "@syncfusion/ej2-navigations": "~26.1.41",
        "@syncfusion/ej2-notifications": "~26.1.35",
        "@syncfusion/ej2-popups": "~26.1.41"
      }
    },
    "node_modules/@syncfusion/ej2-excel-export": {
      "version": "26.1.35",
      "resolved": "https://registry.npmjs.org/@syncfusion/ej2-excel-export/-/ej2-excel-export-26.1.35.tgz",
      "integrity": "sha512-AlFYEBI97I0zjzGrVlqu18mux7TH6l7bSXNdWbjMf961tMSh/TkqjxkbsIWdUjqKz5M/6Vy7ElsnkjDGN1emIA==",
      "dependencies": {
        "@syncfusion/ej2-base": "~26.1.35",
        "@syncfusion/ej2-compression": "~26.1.35"
      }
    },
    "node_modules/@syncfusion/ej2-file-utils": {
      "version": "26.1.35",
      "resolved": "https://registry.npmjs.org/@syncfusion/ej2-file-utils/-/ej2-file-utils-26.1.35.tgz",
      "integrity": "sha512-0aeFbfs1kL/UV/LV+jFeuY/63dN0N4z5xU7mhD+7W4wFyXH9S60rfgE/UawC+UFJAT7H+TrGdOGQ3ZfacQTEmQ=="
    },
    "node_modules/@syncfusion/ej2-grids": {
      "version": "26.1.41",
      "resolved": "https://registry.npmjs.org/@syncfusion/ej2-grids/-/ej2-grids-26.1.41.tgz",
      "integrity": "sha512-fY7bAAzfuaffMRiWsgSbKlUdgDfuAsWmV6gpzzvyQscfnAFCtTbYeMlZ91lpv1+xIXXQqMxYFHYKP6tXVmrybg==",
      "dependencies": {
        "@syncfusion/ej2-base": "~26.1.37",
        "@syncfusion/ej2-buttons": "~26.1.40",
        "@syncfusion/ej2-calendars": "~26.1.41",
        "@syncfusion/ej2-compression": "~26.1.35",
        "@syncfusion/ej2-data": "~26.1.41",
        "@syncfusion/ej2-dropdowns": "~26.1.41",
        "@syncfusion/ej2-excel-export": "~26.1.35",
        "@syncfusion/ej2-file-utils": "~26.1.35",
        "@syncfusion/ej2-inputs": "~26.1.41",
        "@syncfusion/ej2-lists": "~26.1.35",
        "@syncfusion/ej2-navigations": "~26.1.41",
        "@syncfusion/ej2-notifications": "~26.1.35",
        "@syncfusion/ej2-pdf-export": "~26.1.35",
        "@syncfusion/ej2-popups": "~26.1.41",
        "@syncfusion/ej2-splitbuttons": "~26.1.35"
      }
    },
    "node_modules/@syncfusion/ej2-icons": {
      "version": "26.1.35",
      "resolved": "https://registry.npmjs.org/@syncfusion/ej2-icons/-/ej2-icons-26.1.35.tgz",
      "integrity": "sha512-rhaJDhN+vDBai+7xSw+xMnzAvLtG75vYoWvVA7wgUawA4boA4ODtkEgNYbMPJOEbtYaEQO7s3b7nzzWbXI3v+Q=="
    },
    "node_modules/@syncfusion/ej2-inputs": {
      "version": "26.1.41",
      "resolved": "https://registry.npmjs.org/@syncfusion/ej2-inputs/-/ej2-inputs-26.1.41.tgz",
      "integrity": "sha512-+FgxU0xy32u1BC3LjJykvIIa5II/n8sGS81sOYt8deP+6k0tzyOll4KDX1xI5oCk1nm8OX8nVV8hDR/GsW0WWQ==",
      "dependencies": {
        "@syncfusion/ej2-base": "~26.1.37",
        "@syncfusion/ej2-buttons": "~26.1.40",
        "@syncfusion/ej2-popups": "~26.1.41",
        "@syncfusion/ej2-splitbuttons": "~26.1.35"
      }
    },
    "node_modules/@syncfusion/ej2-lists": {
      "version": "26.1.35",
      "resolved": "https://registry.npmjs.org/@syncfusion/ej2-lists/-/ej2-lists-26.1.35.tgz",
      "integrity": "sha512-XVLm+u11+63dpudZVrgrocK/DihYyAq9jTamfKQ1HkAV27gPTyilV+6ywizGmZmSystgMB+0YBKRDjqv85D1+A==",
      "dependencies": {
        "@syncfusion/ej2-base": "~26.1.35",
        "@syncfusion/ej2-buttons": "~26.1.35",
        "@syncfusion/ej2-data": "~26.1.35",
        "@syncfusion/ej2-popups": "~26.1.35"
      }
    },
    "node_modules/@syncfusion/ej2-navigations": {
      "version": "26.1.41",
      "resolved": "https://registry.npmjs.org/@syncfusion/ej2-navigations/-/ej2-navigations-26.1.41.tgz",
      "integrity": "sha512-QzXvIdF3Oquy+xFGPXlosGd8VLjBj4wFPKeqXtza23IYZWJCkx6ViGUntLCqC14z8wqjK+kjpAGeNW9BP6toFA==",
      "dependencies": {
        "@syncfusion/ej2-base": "~26.1.37",
        "@syncfusion/ej2-buttons": "~26.1.40",
        "@syncfusion/ej2-data": "~26.1.41",
        "@syncfusion/ej2-inputs": "~26.1.41",
        "@syncfusion/ej2-lists": "~26.1.35",
        "@syncfusion/ej2-popups": "~26.1.41"
      }
    },
    "node_modules/@syncfusion/ej2-notifications": {
      "version": "26.1.35",
      "resolved": "https://registry.npmjs.org/@syncfusion/ej2-notifications/-/ej2-notifications-26.1.35.tgz",
      "integrity": "sha512-R8r1Wbfo2saM/jqbPmCfuZ9Y1Uq6QCjjEQkSzz8fSA/slddutl67RfVWCbjg9aTGx64sQctXHO7r3GjFqfPUjQ==",
      "dependencies": {
        "@syncfusion/ej2-base": "~26.1.35",
        "@syncfusion/ej2-buttons": "~26.1.35",
        "@syncfusion/ej2-popups": "~26.1.35"
      }
    },
    "node_modules/@syncfusion/ej2-pdf-export": {
      "version": "26.1.35",
      "resolved": "https://registry.npmjs.org/@syncfusion/ej2-pdf-export/-/ej2-pdf-export-26.1.35.tgz",
      "integrity": "sha512-oGUGHR0x5Z/M3w4VXqfx75rZSuqeIzqsas4YCV3r0gFFn2Vj1m9OqTTgoTZaSuF6SFqiq4Jgoivai7LE/16lsw==",
      "dependencies": {
        "@syncfusion/ej2-compression": "~26.1.35"
      }
    },
    "node_modules/@syncfusion/ej2-popups": {
      "version": "26.1.41",
      "resolved": "https://registry.npmjs.org/@syncfusion/ej2-popups/-/ej2-popups-26.1.41.tgz",
      "integrity": "sha512-IO7eCu6b88lRwdOf6SVCyji51pPXNIrEjp6tZ1SBMj/yaA26jo6U1rvtJJdaEbzN1mOpHx+gUl4XQ4/w2AxUeg==",
      "dependencies": {
        "@syncfusion/ej2-base": "~26.1.37",
        "@syncfusion/ej2-buttons": "~26.1.40"
      }
    },
    "node_modules/@syncfusion/ej2-react-base": {
      "version": "26.1.35",
      "resolved": "https://registry.npmjs.org/@syncfusion/ej2-react-base/-/ej2-react-base-26.1.35.tgz",
      "integrity": "sha512-TTSvdHLKFtCsuZ+lWrWXpUcz04sH5D+K+j4vuDGm/qZ9kGiQfGZKNkSkfQYHRyrquyU8zadeZzTDsLUZCR7THA==",
      "dependencies": {
        "@syncfusion/ej2-base": "~26.1.35"
      }
    },
    "node_modules/@syncfusion/ej2-react-grids": {
      "version": "26.1.41",
      "resolved": "https://registry.npmjs.org/@syncfusion/ej2-react-grids/-/ej2-react-grids-26.1.41.tgz",
      "integrity": "sha512-b5IjkICcMrIOM16ZTDVsqLZ7sJbZ/yO7CaQxfHU7HfVK1TFi2Mmv0n8vYIVN06WGBNfVBvfKTbpzoBWGbwbsHA==",
      "dependencies": {
        "@syncfusion/ej2-base": "~26.1.37",
        "@syncfusion/ej2-grids": "26.1.41",
        "@syncfusion/ej2-react-base": "~26.1.35"
      }
    },
    "node_modules/@syncfusion/ej2-splitbuttons": {
      "version": "26.1.35",
      "resolved": "https://registry.npmjs.org/@syncfusion/ej2-splitbuttons/-/ej2-splitbuttons-26.1.35.tgz",
      "integrity": "sha512-c+iUzD+9rvbriglYzQGJRFAijZ0vRHxnsUNo5whSdDoQCjZnE8avuz/6cJpkY/HyGNIzTpDEayQXB4Z+JgMRqw==",
      "dependencies": {
        "@syncfusion/ej2-base": "~26.1.35",
        "@syncfusion/ej2-popups": "~26.1.35"
      }
    },
    "node_modules/js-tokens": {
      "version": "4.0.0",
      "resolved": "https://registry.npmjs.org/js-tokens/-/js-tokens-4.0.0.tgz",
      "integrity": "sha512-RdJUflcE3cUzKiMqQgsCu06FPu9UdIJO0beYbPhHN4k6apgJtifcoCtT9bcxOpYBtpD2kCM6Sbzg4CausW/PKQ==",
      "peer": true
    },
    "node_modules/loose-envify": {
      "version": "1.4.0",
      "resolved": "https://registry.npmjs.org/loose-envify/-/loose-envify-1.4.0.tgz",
      "integrity": "sha512-lyuxPGr/Wfhrlem2CL/UcnUc1zcqKAImBDzukY7Y5F/yQiNdko6+fRLevlw1HgMySw7f611UIY408EtxRSoK3Q==",
      "peer": true,
      "dependencies": {
        "js-tokens": "^3.0.0 || ^4.0.0"
      },
      "bin": {
        "loose-envify": "cli.js"
      }
    },
    "node_modules/react": {
      "version": "18.3.1",
      "resolved": "https://registry.npmjs.org/react/-/react-18.3.1.tgz",
      "integrity": "sha512-wS+hAgJShR0KhEvPJArfuPVN1+Hz1t0Y6n5jLrGQbkb4urgPE/0Rve+1kMB1v/oWgHgm4WIcV+i7F2pTVj+2iQ==",
      "peer": true,
      "dependencies": {
        "loose-envify": "^1.1.0"
      },
      "engines": {
        "node": ">=0.10.0"
      }
    },
    "node_modules/react-dom": {
      "version": "18.3.1",
      "resolved": "https://registry.npmjs.org/react-dom/-/react-dom-18.3.1.tgz",
      "integrity": "sha512-5m4nQKp+rZRb09LNH59GM4BxTh9251/ylbKIbpe7TpGxfJ+9kv6BLkLBXIjjspbgbnIBNqlI23tRnTWT0snUIw==",
      "peer": true,
      "dependencies": {
        "loose-envify": "^1.1.0",
        "scheduler": "^0.23.2"
      },
      "peerDependencies": {
        "react": "^18.3.1"
      }
    },
    "node_modules/react-icons": {
      "version": "5.2.1",
      "resolved": "https://registry.npmjs.org/react-icons/-/react-icons-5.2.1.tgz",
      "integrity": "sha512-zdbW5GstTzXaVKvGSyTaBalt7HSfuK5ovrzlpyiWHAFXndXTdd/1hdDHI4xBM1Mn7YriT6aqESucFl9kEXzrdw==",
      "peerDependencies": {
        "react": "*"
      }
    },
    "node_modules/react-router": {
      "version": "6.24.1",
      "resolved": "https://registry.npmjs.org/react-router/-/react-router-6.24.1.tgz",
      "integrity": "sha512-PTXFXGK2pyXpHzVo3rR9H7ip4lSPZZc0bHG5CARmj65fTT6qG7sTngmb6lcYu1gf3y/8KxORoy9yn59pGpCnpg==",
      "dependencies": {
        "@remix-run/router": "1.17.1"
      },
      "engines": {
        "node": ">=14.0.0"
      },
      "peerDependencies": {
        "react": ">=16.8"
      }
    },
    "node_modules/react-router-dom": {
      "version": "6.24.1",
      "resolved": "https://registry.npmjs.org/react-router-dom/-/react-router-dom-6.24.1.tgz",
      "integrity": "sha512-U19KtXqooqw967Vw0Qcn5cOvrX5Ejo9ORmOtJMzYWtCT4/WOfFLIZGGsVLxcd9UkBO0mSTZtXqhZBsWlHr7+Sg==",
      "dependencies": {
        "@remix-run/router": "1.17.1",
        "react-router": "6.24.1"
      },
      "engines": {
        "node": ">=14.0.0"
      },
      "peerDependencies": {
        "react": ">=16.8",
        "react-dom": ">=16.8"
      }
    },
    "node_modules/scheduler": {
      "version": "0.23.2",
      "resolved": "https://registry.npmjs.org/scheduler/-/scheduler-0.23.2.tgz",
      "integrity": "sha512-UOShsPwz7NrMUqhR6t0hWjFduvOzbtv7toDH1/hIrfRNIDBnnBWd0CwJTGvTpngVlmwGCdP9/Zl/tVrDqcuYzQ==",
      "peer": true,
      "dependencies": {
        "loose-envify": "^1.1.0"
      }
    }
  }
}
